
Microsoft Visual Studio Solution File, Format Version 12.00
# Visual Studio Version 16
VisualStudioVersion = 16.0.31424.327
MinimumVisualStudioVersion = 10.0.40219.1
Project("{FAE04EC0-301F-11D3-BF4B-00C04F79EFBC}") = "CLNTTEST01", "CLNTTEST01\CLNTTEST01.csproj", "{36664610-90CC-4CC5-AC1D-610EA7F2E97F}"
EndProject
Global
	GlobalSection(SolutionConfigurationPlatforms) = preSolution
		Debug|Any CPU = Debug|Any CPU
		Release|Any CPU = Release|Any CPU
	EndGlobalSection
	GlobalSection(ProjectConfigurationPlatforms) = postSolution
		{36664610-90CC-4CC5-AC1D-610EA7F2E97F}.Debug|Any CPU.ActiveCfg = Debug|Any CPU
		{36664610-90CC-4CC5-AC1D-610EA7F2E97F}.Debug|Any CPU.Build.0 = Debug|Any CPU
		{36664610-90CC-4CC5-AC1D-610EA7F2E97F}.Release|Any CPU.ActiveCfg = Release|Any CPU
		{36664610-90CC-4CC5-AC1D-610EA7F2E97F}.Release|Any CPU.Build.0 = Release|Any CPU
	EndGlobalSection
	GlobalSection(SolutionProperties) = preSolution
		HideSolutionNode = FALSE
	EndGlobalSection
	GlobalSection(ExtensibilityGlobals) = postSolution
		SolutionGuid = {9A17C31D-9848-40A3-9665-C55837ED0ACB}
	EndGlobalSection
EndGlobal
